
Microsoft Visual Studio Solution File, Format Version 12.00
# Visual Studio Version 17
VisualStudioVersion = 17.9.34723.18
MinimumVisualStudioVersion = 10.0.40219.1
Project("{FAE04EC0-301F-11D3-BF4B-00C04F79EFBC}") = "MiddlewareComponents", "MiddlewareComponents\MiddlewareComponents.csproj", "{3C524143-2A54-4832-AB65-CB1A4E5919DD}"
EndProject
Global
	GlobalSection(SolutionConfigurationPlatforms) = preSolution
		Debug|Any CPU = Debug|Any CPU
		Release|Any CPU = Release|Any CPU
	EndGlobalSection
	GlobalSection(ProjectConfigurationPlatforms) = postSolution
		{3C524143-2A54-4832-AB65-CB1A4E5919DD}.Debug|Any CPU.ActiveCfg = Debug|Any CPU
		{3C524143-2A54-4832-AB65-CB1A4E5919DD}.Debug|Any CPU.Build.0 = Debug|Any CPU
		{3C524143-2A54-4832-AB65-CB1A4E5919DD}.Release|Any CPU.ActiveCfg = Release|Any CPU
		{3C524143-2A54-4832-AB65-CB1A4E5919DD}.Release|Any CPU.Build.0 = Release|Any CPU
	EndGlobalSection
	GlobalSection(SolutionProperties) = preSolution
		HideSolutionNode = FALSE
	EndGlobalSection
	GlobalSection(ExtensibilityGlobals) = postSolution
		SolutionGuid = {06951BD3-B8D7-4A08-BF35-E3B0718C5353}
	EndGlobalSection
EndGlobal
